
Microsoft Visual Studio Solution File, Format Version 12.00
# Visual Studio Version 16
VisualStudioVersion = 16.0.32510.428
MinimumVisualStudioVersion = 10.0.40219.1
Project("{9A19103F-16F7-4668-BE54-9A1E7A4F7556}") = "Ueb23a_Grafik_Maus", "Ueb23a_Grafik_Maus.csproj", "{9F26665B-DF0A-46A7-BD67-CDD18A2B1332}"
EndProject
Global
	GlobalSection(SolutionConfigurationPlatforms) = preSolution
		Debug|Any CPU = Debug|Any CPU
		Release|Any CPU = Release|Any CPU
	EndGlobalSection
	GlobalSection(ProjectConfigurationPlatforms) = postSolution
		{9F26665B-DF0A-46A7-BD67-CDD18A2B1332}.Debug|Any CPU.ActiveCfg = Debug|Any CPU
		{9F26665B-DF0A-46A7-BD67-CDD18A2B1332}.Debug|Any CPU.Build.0 = Debug|Any CPU
		{9F26665B-DF0A-46A7-BD67-CDD18A2B1332}.Release|Any CPU.ActiveCfg = Release|Any CPU
		{9F26665B-DF0A-46A7-BD67-CDD18A2B1332}.Release|Any CPU.Build.0 = Release|Any CPU
	EndGlobalSection
	GlobalSection(SolutionProperties) = preSolution
		HideSolutionNode = FALSE
	EndGlobalSection
	GlobalSection(ExtensibilityGlobals) = postSolution
		SolutionGuid = {317A4ECB-9B9E-4CF0-B47C-880144595BD2}
	EndGlobalSection
EndGlobal
